
Microsoft Visual Studio Solution File, Format Version 12.00
# Visual Studio Version 17
VisualStudioVersion = 17.8.34322.80
MinimumVisualStudioVersion = 10.0.40219.1
Project("{9A19103F-16F7-4668-BE54-9A1E7A4F7556}") = "Shifoxona", "Shifoxona\Shifoxona.csproj", "{D4D873B2-9F4A-438B-AF24-309AADA4AEEC}"
EndProject
Project("{9A19103F-16F7-4668-BE54-9A1E7A4F7556}") = "FileUpload", "FileUpload\FileUpload.csproj", "{85D59D85-E0F6-4206-97F4-84CBC39DF167}"
EndProject
Project("{FAE04EC0-301F-11D3-BF4B-00C04F79EFBC}") = "ConsoleApp", "ConsoleApp\ConsoleApp.csproj", "{99EAF3F9-71B0-4273-AB1C-64FC9AC1349F}"
EndProject
Global
	GlobalSection(SolutionConfigurationPlatforms) = preSolution
		Debug|Any CPU = Debug|Any CPU
		Release|Any CPU = Release|Any CPU
	EndGlobalSection
	GlobalSection(ProjectConfigurationPlatforms) = postSolution
		{D4D873B2-9F4A-438B-AF24-309AADA4AEEC}.Debug|Any CPU.ActiveCfg = Debug|Any CPU
		{D4D873B2-9F4A-438B-AF24-309AADA4AEEC}.Debug|Any CPU.Build.0 = Debug|Any CPU
		{D4D873B2-9F4A-438B-AF24-309AADA4AEEC}.Release|Any CPU.ActiveCfg = Release|Any CPU
		{D4D873B2-9F4A-438B-AF24-309AADA4AEEC}.Release|Any CPU.Build.0 = Release|Any CPU
		{85D59D85-E0F6-4206-97F4-84CBC39DF167}.Debug|Any CPU.ActiveCfg = Debug|Any CPU
		{85D59D85-E0F6-4206-97F4-84CBC39DF167}.Debug|Any CPU.Build.0 = Debug|Any CPU
		{85D59D85-E0F6-4206-97F4-84CBC39DF167}.Release|Any CPU.ActiveCfg = Release|Any CPU
		{85D59D85-E0F6-4206-97F4-84CBC39DF167}.Release|Any CPU.Build.0 = Release|Any CPU
		{99EAF3F9-71B0-4273-AB1C-64FC9AC1349F}.Debug|Any CPU.ActiveCfg = Debug|Any CPU
		{99EAF3F9-71B0-4273-AB1C-64FC9AC1349F}.Debug|Any CPU.Build.0 = Debug|Any CPU
		{99EAF3F9-71B0-4273-AB1C-64FC9AC1349F}.Release|Any CPU.ActiveCfg = Release|Any CPU
		{99EAF3F9-71B0-4273-AB1C-64FC9AC1349F}.Release|Any CPU.Build.0 = Release|Any CPU
	EndGlobalSection
	GlobalSection(SolutionProperties) = preSolution
		HideSolutionNode = FALSE
	EndGlobalSection
	GlobalSection(ExtensibilityGlobals) = postSolution
		SolutionGuid = {7F3FF995-75F6-4DCE-B549-2E930A694989}
	EndGlobalSection
EndGlobal
