
Microsoft Visual Studio Solution File, Format Version 12.00
# Visual Studio Version 17
VisualStudioVersion = 17.7.34202.233
MinimumVisualStudioVersion = 10.0.40219.1
Project("{9A19103F-16F7-4668-BE54-9A1E7A4F7556}") = "Lesson1", "Lesson1\Lesson1.csproj", "{4BA14835-38D4-472E-BA6B-199E289B23B1}"
EndProject
Project("{9A19103F-16F7-4668-BE54-9A1E7A4F7556}") = "Lesson2", "Lesson2\Lesson2.csproj", "{B68424A2-9280-4FC5-A482-20B2841A1646}"
EndProject
Project("{9A19103F-16F7-4668-BE54-9A1E7A4F7556}") = "Lesson3", "Lesson3\Lesson3.csproj", "{350EE77F-5BD2-4969-A188-BCDFF78C1BC0}"
EndProject
Project("{9A19103F-16F7-4668-BE54-9A1E7A4F7556}") = "Lesson4", "Lesson4\Lesson4.csproj", "{13F93FBA-F0E6-458E-AE07-215C5CF4D8B0}"
EndProject
Project("{9A19103F-16F7-4668-BE54-9A1E7A4F7556}") = "Loop", "Loop\Loop.csproj", "{D9E00101-AE11-45FB-9F08-3E14A23C16B4}"
EndProject
Project("{9A19103F-16F7-4668-BE54-9A1E7A4F7556}") = "WhileOperatori", "WhileOperatori\WhileOperatori.csproj", "{09E41FC5-3986-42B7-9713-3E61479620C5}"
EndProject
Project("{9A19103F-16F7-4668-BE54-9A1E7A4F7556}") = "Lesson7", "Lesson7\Lesson7.csproj", "{5D2E4A71-6EB1-4671-91B7-83C00B3FF5B1}"
EndProject
Project("{9A19103F-16F7-4668-BE54-9A1E7A4F7556}") = "lesson8", "lesson8\lesson8.csproj", "{693800D1-A181-460F-B68B-18CA88096F9F}"
EndProject
Project("{9A19103F-16F7-4668-BE54-9A1E7A4F7556}") = "Lesson9", "Lesson9\Lesson9.csproj", "{C5AC85C5-F4D0-4459-9F7B-ECF7B6590F28}"
EndProject
Project("{9A19103F-16F7-4668-BE54-9A1E7A4F7556}") = "lesson10", "lesson10\lesson10.csproj", "{0258D081-6247-4D0F-9EDE-3520092611F0}"
EndProject
Project("{9A19103F-16F7-4668-BE54-9A1E7A4F7556}") = "Lesson12", "Lesson12\Lesson12.csproj", "{009312FB-5A6D-4CFC-8F30-8672CF1520C5}"
EndProject
Project("{9A19103F-16F7-4668-BE54-9A1E7A4F7556}") = "Lesson13", "Lesson13\Lesson13.csproj", "{3192391E-F339-45A1-A1C2-20F8399FC2A1}"
EndProject
Project("{9A19103F-16F7-4668-BE54-9A1E7A4F7556}") = "Lesson14", "Lesson14\Lesson14.csproj", "{8E812DAC-CB21-44B5-B46E-0D959DE90478}"
EndProject
Project("{9A19103F-16F7-4668-BE54-9A1E7A4F7556}") = "Lesson15", "Lesson15\Lesson15.csproj", "{B16B404B-AC9B-4F20-9351-938877831A1A}"
EndProject
Project("{9A19103F-16F7-4668-BE54-9A1E7A4F7556}") = "Lesson16", "Lesson16\Lesson16.csproj", "{1A033C20-E554-485E-9E40-7B76A65C0924}"
EndProject
Project("{9A19103F-16F7-4668-BE54-9A1E7A4F7556}") = "lesson18", "lesson18\lesson18.csproj", "{82E0DFAB-5FCE-4850-A385-2165ABB1EA20}"
EndProject
Project("{9A19103F-16F7-4668-BE54-9A1E7A4F7556}") = "Lesson19", "Lesson19\Lesson19.csproj", "{31306D73-5136-413F-9DD6-2287F104F75B}"
EndProject
Project("{FAE04EC0-301F-11D3-BF4B-00C04F79EFBC}") = "Vorislik", "Vorislik\Vorislik.csproj", "{02B34480-66D8-42BE-A2BA-68A993A1ED09}"
EndProject
Global
	GlobalSection(SolutionConfigurationPlatforms) = preSolution
		Debug|Any CPU = Debug|Any CPU
		Release|Any CPU = Release|Any CPU
	EndGlobalSection
	GlobalSection(ProjectConfigurationPlatforms) = postSolution
		{4BA14835-38D4-472E-BA6B-199E289B23B1}.Debug|Any CPU.ActiveCfg = Debug|Any CPU
		{4BA14835-38D4-472E-BA6B-199E289B23B1}.Debug|Any CPU.Build.0 = Debug|Any CPU
		{4BA14835-38D4-472E-BA6B-199E289B23B1}.Release|Any CPU.ActiveCfg = Release|Any CPU
		{4BA14835-38D4-472E-BA6B-199E289B23B1}.Release|Any CPU.Build.0 = Release|Any CPU
		{B68424A2-9280-4FC5-A482-20B2841A1646}.Debug|Any CPU.ActiveCfg = Debug|Any CPU
		{B68424A2-9280-4FC5-A482-20B2841A1646}.Debug|Any CPU.Build.0 = Debug|Any CPU
		{B68424A2-9280-4FC5-A482-20B2841A1646}.Release|Any CPU.ActiveCfg = Release|Any CPU
		{B68424A2-9280-4FC5-A482-20B2841A1646}.Release|Any CPU.Build.0 = Release|Any CPU
		{350EE77F-5BD2-4969-A188-BCDFF78C1BC0}.Debug|Any CPU.ActiveCfg = Debug|Any CPU
		{350EE77F-5BD2-4969-A188-BCDFF78C1BC0}.Debug|Any CPU.Build.0 = Debug|Any CPU
		{350EE77F-5BD2-4969-A188-BCDFF78C1BC0}.Release|Any CPU.ActiveCfg = Release|Any CPU
		{350EE77F-5BD2-4969-A188-BCDFF78C1BC0}.Release|Any CPU.Build.0 = Release|Any CPU
		{13F93FBA-F0E6-458E-AE07-215C5CF4D8B0}.Debug|Any CPU.ActiveCfg = Debug|Any CPU
		{13F93FBA-F0E6-458E-AE07-215C5CF4D8B0}.Debug|Any CPU.Build.0 = Debug|Any CPU
		{13F93FBA-F0E6-458E-AE07-215C5CF4D8B0}.Release|Any CPU.ActiveCfg = Release|Any CPU
		{13F93FBA-F0E6-458E-AE07-215C5CF4D8B0}.Release|Any CPU.Build.0 = Release|Any CPU
		{D9E00101-AE11-45FB-9F08-3E14A23C16B4}.Debug|Any CPU.ActiveCfg = Debug|Any CPU
		{D9E00101-AE11-45FB-9F08-3E14A23C16B4}.Debug|Any CPU.Build.0 = Debug|Any CPU
		{D9E00101-AE11-45FB-9F08-3E14A23C16B4}.Release|Any CPU.ActiveCfg = Release|Any CPU
		{D9E00101-AE11-45FB-9F08-3E14A23C16B4}.Release|Any CPU.Build.0 = Release|Any CPU
		{09E41FC5-3986-42B7-9713-3E61479620C5}.Debug|Any CPU.ActiveCfg = Debug|Any CPU
		{09E41FC5-3986-42B7-9713-3E61479620C5}.Debug|Any CPU.Build.0 = Debug|Any CPU
		{09E41FC5-3986-42B7-9713-3E61479620C5}.Release|Any CPU.ActiveCfg = Release|Any CPU
		{09E41FC5-3986-42B7-9713-3E61479620C5}.Release|Any CPU.Build.0 = Release|Any CPU
		{5D2E4A71-6EB1-4671-91B7-83C00B3FF5B1}.Debug|Any CPU.ActiveCfg = Debug|Any CPU
		{5D2E4A71-6EB1-4671-91B7-83C00B3FF5B1}.Debug|Any CPU.Build.0 = Debug|Any CPU
		{5D2E4A71-6EB1-4671-91B7-83C00B3FF5B1}.Release|Any CPU.ActiveCfg = Release|Any CPU
		{5D2E4A71-6EB1-4671-91B7-83C00B3FF5B1}.Release|Any CPU.Build.0 = Release|Any CPU
		{693800D1-A181-460F-B68B-18CA88096F9F}.Debug|Any CPU.ActiveCfg = Debug|Any CPU
		{693800D1-A181-460F-B68B-18CA88096F9F}.Debug|Any CPU.Build.0 = Debug|Any CPU
		{693800D1-A181-460F-B68B-18CA88096F9F}.Release|Any CPU.ActiveCfg = Release|Any CPU
		{693800D1-A181-460F-B68B-18CA88096F9F}.Release|Any CPU.Build.0 = Release|Any CPU
		{C5AC85C5-F4D0-4459-9F7B-ECF7B6590F28}.Debug|Any CPU.ActiveCfg = Debug|Any CPU
		{C5AC85C5-F4D0-4459-9F7B-ECF7B6590F28}.Debug|Any CPU.Build.0 = Debug|Any CPU
		{C5AC85C5-F4D0-4459-9F7B-ECF7B6590F28}.Release|Any CPU.ActiveCfg = Release|Any CPU
		{C5AC85C5-F4D0-4459-9F7B-ECF7B6590F28}.Release|Any CPU.Build.0 = Release|Any CPU
		{0258D081-6247-4D0F-9EDE-3520092611F0}.Debug|Any CPU.ActiveCfg = Debug|Any CPU
		{0258D081-6247-4D0F-9EDE-3520092611F0}.Debug|Any CPU.Build.0 = Debug|Any CPU
		{0258D081-6247-4D0F-9EDE-3520092611F0}.Release|Any CPU.ActiveCfg = Release|Any CPU
		{0258D081-6247-4D0F-9EDE-3520092611F0}.Release|Any CPU.Build.0 = Release|Any CPU
		{009312FB-5A6D-4CFC-8F30-8672CF1520C5}.Debug|Any CPU.ActiveCfg = Debug|Any CPU
		{009312FB-5A6D-4CFC-8F30-8672CF1520C5}.Debug|Any CPU.Build.0 = Debug|Any CPU
		{009312FB-5A6D-4CFC-8F30-8672CF1520C5}.Release|Any CPU.ActiveCfg = Release|Any CPU
		{009312FB-5A6D-4CFC-8F30-8672CF1520C5}.Release|Any CPU.Build.0 = Release|Any CPU
		{3192391E-F339-45A1-A1C2-20F8399FC2A1}.Debug|Any CPU.ActiveCfg = Debug|Any CPU
		{3192391E-F339-45A1-A1C2-20F8399FC2A1}.Debug|Any CPU.Build.0 = Debug|Any CPU
		{3192391E-F339-45A1-A1C2-20F8399FC2A1}.Release|Any CPU.ActiveCfg = Release|Any CPU
		{3192391E-F339-45A1-A1C2-20F8399FC2A1}.Release|Any CPU.Build.0 = Release|Any CPU
		{8E812DAC-CB21-44B5-B46E-0D959DE90478}.Debug|Any CPU.ActiveCfg = Debug|Any CPU
		{8E812DAC-CB21-44B5-B46E-0D959DE90478}.Debug|Any CPU.Build.0 = Debug|Any CPU
		{8E812DAC-CB21-44B5-B46E-0D959DE90478}.Release|Any CPU.ActiveCfg = Release|Any CPU
		{8E812DAC-CB21-44B5-B46E-0D959DE90478}.Release|Any CPU.Build.0 = Release|Any CPU
		{B16B404B-AC9B-4F20-9351-938877831A1A}.Debug|Any CPU.ActiveCfg = Debug|Any CPU
		{B16B404B-AC9B-4F20-9351-938877831A1A}.Debug|Any CPU.Build.0 = Debug|Any CPU
		{B16B404B-AC9B-4F20-9351-938877831A1A}.Release|Any CPU.ActiveCfg = Release|Any CPU
		{B16B404B-AC9B-4F20-9351-938877831A1A}.Release|Any CPU.Build.0 = Release|Any CPU
		{1A033C20-E554-485E-9E40-7B76A65C0924}.Debug|Any CPU.ActiveCfg = Debug|Any CPU
		{1A033C20-E554-485E-9E40-7B76A65C0924}.Debug|Any CPU.Build.0 = Debug|Any CPU
		{1A033C20-E554-485E-9E40-7B76A65C0924}.Release|Any CPU.ActiveCfg = Release|Any CPU
		{1A033C20-E554-485E-9E40-7B76A65C0924}.Release|Any CPU.Build.0 = Release|Any CPU
		{82E0DFAB-5FCE-4850-A385-2165ABB1EA20}.Debug|Any CPU.ActiveCfg = Debug|Any CPU
		{82E0DFAB-5FCE-4850-A385-2165ABB1EA20}.Debug|Any CPU.Build.0 = Debug|Any CPU
		{82E0DFAB-5FCE-4850-A385-2165ABB1EA20}.Release|Any CPU.ActiveCfg = Release|Any CPU
		{82E0DFAB-5FCE-4850-A385-2165ABB1EA20}.Release|Any CPU.Build.0 = Release|Any CPU
		{31306D73-5136-413F-9DD6-2287F104F75B}.Debug|Any CPU.ActiveCfg = Debug|Any CPU
		{31306D73-5136-413F-9DD6-2287F104F75B}.Debug|Any CPU.Build.0 = Debug|Any CPU
		{31306D73-5136-413F-9DD6-2287F104F75B}.Release|Any CPU.ActiveCfg = Release|Any CPU
		{31306D73-5136-413F-9DD6-2287F104F75B}.Release|Any CPU.Build.0 = Release|Any CPU
		{02B34480-66D8-42BE-A2BA-68A993A1ED09}.Debug|Any CPU.ActiveCfg = Debug|Any CPU
		{02B34480-66D8-42BE-A2BA-68A993A1ED09}.Debug|Any CPU.Build.0 = Debug|Any CPU
		{02B34480-66D8-42BE-A2BA-68A993A1ED09}.Release|Any CPU.ActiveCfg = Release|Any CPU
		{02B34480-66D8-42BE-A2BA-68A993A1ED09}.Release|Any CPU.Build.0 = Release|Any CPU
	EndGlobalSection
	GlobalSection(SolutionProperties) = preSolution
		HideSolutionNode = FALSE
	EndGlobalSection
	GlobalSection(ExtensibilityGlobals) = postSolution
		SolutionGuid = {F5170321-7717-4FB8-B705-E3971788B82E}
	EndGlobalSection
EndGlobal
